# This file is automatically @generated by Cargo.
# It is not intended for manual editing.
version = 4

[[package]]
name = "omachat-crypto"
version = "0.0.1"

[[package]]
name = "omachat-ctl"
version = "0.0.1"
dependencies = [
 "omachat-proto",
]

[[package]]
name = "omachat-mesh"
version = "0.0.1"

[[package]]
name = "omachat-nostr"
version = "0.0.1"

[[package]]
name = "omachat-proto"
version = "0.0.1"

[[package]]
name = "omachat-store"
version = "0.0.1"

[[package]]
name = "omachat-tui"
version = "0.0.1"
dependencies = [
 "omachat-proto",
]

[[package]]
name = "omachatd"
version = "0.0.1"
dependencies = [
 "omachat-proto",
]
